
Microsoft Visual Studio Solution File, Format Version 12.00
# Visual Studio 2013
VisualStudioVersion = 12.0.31101.0
MinimumVisualStudioVersion = 10.0.40219.1
Project("{FAE04EC0-301F-11D3-BF4B-00C04F79EFBC}") = "01-03. StudentClass", "01-03. StudentClass\01-03. StudentClass.csproj", "{3CD99824-2BE4-4504-9703-1291C6FF1C26}"
EndProject
Project("{FAE04EC0-301F-11D3-BF4B-00C04F79EFBC}") = "05. 64BitArray", "05. 64BitArray\05. 64BitArray.csproj", "{BE014794-5F32-4D1D-8B43-C1D55F9C3DCE}"
EndProject
Project("{FAE04EC0-301F-11D3-BF4B-00C04F79EFBC}") = "06. BinarySearchTree", "06. BinarySearchTree\06. BinarySearchTree.csproj", "{9C21F438-7B57-41AE-AFF0-B47874315162}"
EndProject
Project("{FAE04EC0-301F-11D3-BF4B-00C04F79EFBC}") = "04. PersonClass", "04. PersonClass\04. PersonClass.csproj", "{3BC8B19B-3AE7-4897-85D4-7A8A45FCB89B}"
EndProject
Global
	GlobalSection(SolutionConfigurationPlatforms) = preSolution
		Debug|Any CPU = Debug|Any CPU
		Release|Any CPU = Release|Any CPU
	EndGlobalSection
	GlobalSection(ProjectConfigurationPlatforms) = postSolution
		{3CD99824-2BE4-4504-9703-1291C6FF1C26}.Debug|Any CPU.ActiveCfg = Debug|Any CPU
		{3CD99824-2BE4-4504-9703-1291C6FF1C26}.Debug|Any CPU.Build.0 = Debug|Any CPU
		{3CD99824-2BE4-4504-9703-1291C6FF1C26}.Release|Any CPU.ActiveCfg = Release|Any CPU
		{3CD99824-2BE4-4504-9703-1291C6FF1C26}.Release|Any CPU.Build.0 = Release|Any CPU
		{BE014794-5F32-4D1D-8B43-C1D55F9C3DCE}.Debug|Any CPU.ActiveCfg = Debug|Any CPU
		{BE014794-5F32-4D1D-8B43-C1D55F9C3DCE}.Debug|Any CPU.Build.0 = Debug|Any CPU
		{BE014794-5F32-4D1D-8B43-C1D55F9C3DCE}.Release|Any CPU.ActiveCfg = Release|Any CPU
		{BE014794-5F32-4D1D-8B43-C1D55F9C3DCE}.Release|Any CPU.Build.0 = Release|Any CPU
		{9C21F438-7B57-41AE-AFF0-B47874315162}.Debug|Any CPU.ActiveCfg = Debug|Any CPU
		{9C21F438-7B57-41AE-AFF0-B47874315162}.Debug|Any CPU.Build.0 = Debug|Any CPU
		{9C21F438-7B57-41AE-AFF0-B47874315162}.Release|Any CPU.ActiveCfg = Release|Any CPU
		{9C21F438-7B57-41AE-AFF0-B47874315162}.Release|Any CPU.Build.0 = Release|Any CPU
		{3BC8B19B-3AE7-4897-85D4-7A8A45FCB89B}.Debug|Any CPU.ActiveCfg = Debug|Any CPU
		{3BC8B19B-3AE7-4897-85D4-7A8A45FCB89B}.Debug|Any CPU.Build.0 = Debug|Any CPU
		{3BC8B19B-3AE7-4897-85D4-7A8A45FCB89B}.Release|Any CPU.ActiveCfg = Release|Any CPU
		{3BC8B19B-3AE7-4897-85D4-7A8A45FCB89B}.Release|Any CPU.Build.0 = Release|Any CPU
	EndGlobalSection
	GlobalSection(SolutionProperties) = preSolution
		HideSolutionNode = FALSE
	EndGlobalSection
EndGlobal
