
Microsoft Visual Studio Solution File, Format Version 12.00
# Visual Studio 2013
VisualStudioVersion = 12.0.31101.0
MinimumVisualStudioVersion = 10.0.40219.1
Project("{FAE04EC0-301F-11D3-BF4B-00C04F79EFBC}") = "01.NumbersFrom1ToN", "01. NumbersFrom1ToN\01.NumbersFrom1ToN.csproj", "{3668CB4C-CCCC-4DFB-877B-21CE64621624}"
EndProject
Project("{FAE04EC0-301F-11D3-BF4B-00C04F79EFBC}") = "02.NumbersNotDivisibleBy3And7", "02. NumbersNotDivisibleBy3And7\02.NumbersNotDivisibleBy3And7.csproj", "{99671CE7-D9DB-48D7-8415-4C2B3F504EBD}"
EndProject
Project("{FAE04EC0-301F-11D3-BF4B-00C04F79EFBC}") = "03.MinMaxSumAndAverageOfNNumbers", "03. MinMaxSumAndAverageOfNNumbers\03.MinMaxSumAndAverageOfNNumbers.csproj", "{D37C7D9F-FEFB-489C-A95D-08E1088FB645}"
EndProject
Project("{FAE04EC0-301F-11D3-BF4B-00C04F79EFBC}") = "04.PrintАDeckОf52Cards", "04. PrintАDeckОf52Cards\04.PrintАDeckОf52Cards.csproj", "{AEFFCCAB-6FC2-4EDD-BC73-F84DA627777E}"
EndProject
Project("{FAE04EC0-301F-11D3-BF4B-00C04F79EFBC}") = "05.Calculate", "05. Calculate\05.Calculate.csproj", "{C6C084BA-4516-4038-A4CF-CABEAE1F6DAF}"
EndProject
Project("{FAE04EC0-301F-11D3-BF4B-00C04F79EFBC}") = "06.CalculateNK", "06. CalculateNK\06.CalculateNK.csproj", "{F796D9D4-D041-4C1C-AEA4-8EBCB9EE8398}"
EndProject
Project("{FAE04EC0-301F-11D3-BF4B-00C04F79EFBC}") = "07.CalculateNKNK", "07. CalculateNKNK\07.CalculateNKNK.csproj", "{ABE04521-1F3E-47F7-A3FD-7ABA8416B218}"
EndProject
Project("{FAE04EC0-301F-11D3-BF4B-00C04F79EFBC}") = "08.CatalanNumbers", "08. CatalanNumbers\08.CatalanNumbers.csproj", "{37D462E3-4B72-450D-960C-4FD495204781}"
EndProject
Project("{FAE04EC0-301F-11D3-BF4B-00C04F79EFBC}") = "09.MatrixOfNumbers", "09. MatrixOfNumbers\09.MatrixOfNumbers.csproj", "{40D7FABA-C050-433C-AA89-50F93FA43FD5}"
EndProject
Project("{FAE04EC0-301F-11D3-BF4B-00C04F79EFBC}") = "10.OddAndEvenProduct", "10. OddAndEvenProduct\10.OddAndEvenProduct.csproj", "{D1713A82-C8A7-45D7-A31B-E4050026EAD3}"
EndProject
Project("{FAE04EC0-301F-11D3-BF4B-00C04F79EFBC}") = "11.RandomNumbersInGivenRange", "11. RandomNumbersInGivenRange\11.RandomNumbersInGivenRange.csproj", "{8951DA0D-14BB-4B69-8CC9-9D722421B071}"
EndProject
Project("{FAE04EC0-301F-11D3-BF4B-00C04F79EFBC}") = "12.RandomizeTheNumbers1ToN", "12. RandomizeTheNumbers1ToN\12.RandomizeTheNumbers1ToN.csproj", "{61EF9F3D-AD20-497B-B12E-9099A6CB6CC9}"
EndProject
Project("{FAE04EC0-301F-11D3-BF4B-00C04F79EFBC}") = "13.BinaryToDecimalNumber", "13. BinaryToDecimalNumber\13.BinaryToDecimalNumber.csproj", "{6D549BCA-D9FF-4177-B24A-3DC918132D00}"
EndProject
Project("{FAE04EC0-301F-11D3-BF4B-00C04F79EFBC}") = "14.DecimalToBinaryNumber", "14. DecimalToBinaryNumber\14.DecimalToBinaryNumber.csproj", "{68EF5A64-0D9C-499E-9147-FAEF8449220E}"
EndProject
Project("{FAE04EC0-301F-11D3-BF4B-00C04F79EFBC}") = "15.HexadecimalТoDecimalNumber", "15. HexadecimalТoDecimalNumber\15.HexadecimalТoDecimalNumber.csproj", "{15578260-F5E6-4218-A56E-DFE2E7CF46C8}"
EndProject
Project("{FAE04EC0-301F-11D3-BF4B-00C04F79EFBC}") = "16.DecimalТoHexadecimalNumber", "16. DecimalТoHexadecimalNumber\16.DecimalТoHexadecimalNumber.csproj", "{C2202D24-01B3-4CBF-8848-9AFF936B868B}"
EndProject
Project("{FAE04EC0-301F-11D3-BF4B-00C04F79EFBC}") = "17.CalculateGCD", "17. CalculateGCD\17.CalculateGCD.csproj", "{AF990407-5480-4804-ADE4-12D09C57D5B2}"
EndProject
Project("{FAE04EC0-301F-11D3-BF4B-00C04F79EFBC}") = "18.TrailingZeroesInN", "18. TrailingZeroesInN\18.TrailingZeroesInN.csproj", "{D9204918-0EC5-4A84-A9E0-46F36753A3E5}"
EndProject
Global
	GlobalSection(SolutionConfigurationPlatforms) = preSolution
		Debug|Any CPU = Debug|Any CPU
		Release|Any CPU = Release|Any CPU
	EndGlobalSection
	GlobalSection(ProjectConfigurationPlatforms) = postSolution
		{3668CB4C-CCCC-4DFB-877B-21CE64621624}.Debug|Any CPU.ActiveCfg = Debug|Any CPU
		{3668CB4C-CCCC-4DFB-877B-21CE64621624}.Debug|Any CPU.Build.0 = Debug|Any CPU
		{3668CB4C-CCCC-4DFB-877B-21CE64621624}.Release|Any CPU.ActiveCfg = Release|Any CPU
		{3668CB4C-CCCC-4DFB-877B-21CE64621624}.Release|Any CPU.Build.0 = Release|Any CPU
		{99671CE7-D9DB-48D7-8415-4C2B3F504EBD}.Debug|Any CPU.ActiveCfg = Debug|Any CPU
		{99671CE7-D9DB-48D7-8415-4C2B3F504EBD}.Debug|Any CPU.Build.0 = Debug|Any CPU
		{99671CE7-D9DB-48D7-8415-4C2B3F504EBD}.Release|Any CPU.ActiveCfg = Release|Any CPU
		{99671CE7-D9DB-48D7-8415-4C2B3F504EBD}.Release|Any CPU.Build.0 = Release|Any CPU
		{D37C7D9F-FEFB-489C-A95D-08E1088FB645}.Debug|Any CPU.ActiveCfg = Debug|Any CPU
		{D37C7D9F-FEFB-489C-A95D-08E1088FB645}.Debug|Any CPU.Build.0 = Debug|Any CPU
		{D37C7D9F-FEFB-489C-A95D-08E1088FB645}.Release|Any CPU.ActiveCfg = Release|Any CPU
		{D37C7D9F-FEFB-489C-A95D-08E1088FB645}.Release|Any CPU.Build.0 = Release|Any CPU
		{AEFFCCAB-6FC2-4EDD-BC73-F84DA627777E}.Debug|Any CPU.ActiveCfg = Debug|Any CPU
		{AEFFCCAB-6FC2-4EDD-BC73-F84DA627777E}.Debug|Any CPU.Build.0 = Debug|Any CPU
		{AEFFCCAB-6FC2-4EDD-BC73-F84DA627777E}.Release|Any CPU.ActiveCfg = Release|Any CPU
		{AEFFCCAB-6FC2-4EDD-BC73-F84DA627777E}.Release|Any CPU.Build.0 = Release|Any CPU
		{C6C084BA-4516-4038-A4CF-CABEAE1F6DAF}.Debug|Any CPU.ActiveCfg = Debug|Any CPU
		{C6C084BA-4516-4038-A4CF-CABEAE1F6DAF}.Debug|Any CPU.Build.0 = Debug|Any CPU
		{C6C084BA-4516-4038-A4CF-CABEAE1F6DAF}.Release|Any CPU.ActiveCfg = Release|Any CPU
		{C6C084BA-4516-4038-A4CF-CABEAE1F6DAF}.Release|Any CPU.Build.0 = Release|Any CPU
		{F796D9D4-D041-4C1C-AEA4-8EBCB9EE8398}.Debug|Any CPU.ActiveCfg = Debug|Any CPU
		{F796D9D4-D041-4C1C-AEA4-8EBCB9EE8398}.Debug|Any CPU.Build.0 = Debug|Any CPU
		{F796D9D4-D041-4C1C-AEA4-8EBCB9EE8398}.Release|Any CPU.ActiveCfg = Release|Any CPU
		{F796D9D4-D041-4C1C-AEA4-8EBCB9EE8398}.Release|Any CPU.Build.0 = Release|Any CPU
		{ABE04521-1F3E-47F7-A3FD-7ABA8416B218}.Debug|Any CPU.ActiveCfg = Debug|Any CPU
		{ABE04521-1F3E-47F7-A3FD-7ABA8416B218}.Debug|Any CPU.Build.0 = Debug|Any CPU
		{ABE04521-1F3E-47F7-A3FD-7ABA8416B218}.Release|Any CPU.ActiveCfg = Release|Any CPU
		{ABE04521-1F3E-47F7-A3FD-7ABA8416B218}.Release|Any CPU.Build.0 = Release|Any CPU
		{37D462E3-4B72-450D-960C-4FD495204781}.Debug|Any CPU.ActiveCfg = Debug|Any CPU
		{37D462E3-4B72-450D-960C-4FD495204781}.Debug|Any CPU.Build.0 = Debug|Any CPU
		{37D462E3-4B72-450D-960C-4FD495204781}.Release|Any CPU.ActiveCfg = Release|Any CPU
		{37D462E3-4B72-450D-960C-4FD495204781}.Release|Any CPU.Build.0 = Release|Any CPU
		{40D7FABA-C050-433C-AA89-50F93FA43FD5}.Debug|Any CPU.ActiveCfg = Debug|Any CPU
		{40D7FABA-C050-433C-AA89-50F93FA43FD5}.Debug|Any CPU.Build.0 = Debug|Any CPU
		{40D7FABA-C050-433C-AA89-50F93FA43FD5}.Release|Any CPU.ActiveCfg = Release|Any CPU
		{40D7FABA-C050-433C-AA89-50F93FA43FD5}.Release|Any CPU.Build.0 = Release|Any CPU
		{D1713A82-C8A7-45D7-A31B-E4050026EAD3}.Debug|Any CPU.ActiveCfg = Debug|Any CPU
		{D1713A82-C8A7-45D7-A31B-E4050026EAD3}.Debug|Any CPU.Build.0 = Debug|Any CPU
		{D1713A82-C8A7-45D7-A31B-E4050026EAD3}.Release|Any CPU.ActiveCfg = Release|Any CPU
		{D1713A82-C8A7-45D7-A31B-E4050026EAD3}.Release|Any CPU.Build.0 = Release|Any CPU
		{8951DA0D-14BB-4B69-8CC9-9D722421B071}.Debug|Any CPU.ActiveCfg = Debug|Any CPU
		{8951DA0D-14BB-4B69-8CC9-9D722421B071}.Debug|Any CPU.Build.0 = Debug|Any CPU
		{8951DA0D-14BB-4B69-8CC9-9D722421B071}.Release|Any CPU.ActiveCfg = Release|Any CPU
		{8951DA0D-14BB-4B69-8CC9-9D722421B071}.Release|Any CPU.Build.0 = Release|Any CPU
		{61EF9F3D-AD20-497B-B12E-9099A6CB6CC9}.Debug|Any CPU.ActiveCfg = Debug|Any CPU
		{61EF9F3D-AD20-497B-B12E-9099A6CB6CC9}.Debug|Any CPU.Build.0 = Debug|Any CPU
		{61EF9F3D-AD20-497B-B12E-9099A6CB6CC9}.Release|Any CPU.ActiveCfg = Release|Any CPU
		{61EF9F3D-AD20-497B-B12E-9099A6CB6CC9}.Release|Any CPU.Build.0 = Release|Any CPU
		{6D549BCA-D9FF-4177-B24A-3DC918132D00}.Debug|Any CPU.ActiveCfg = Debug|Any CPU
		{6D549BCA-D9FF-4177-B24A-3DC918132D00}.Debug|Any CPU.Build.0 = Debug|Any CPU
		{6D549BCA-D9FF-4177-B24A-3DC918132D00}.Release|Any CPU.ActiveCfg = Release|Any CPU
		{6D549BCA-D9FF-4177-B24A-3DC918132D00}.Release|Any CPU.Build.0 = Release|Any CPU
		{68EF5A64-0D9C-499E-9147-FAEF8449220E}.Debug|Any CPU.ActiveCfg = Debug|Any CPU
		{68EF5A64-0D9C-499E-9147-FAEF8449220E}.Debug|Any CPU.Build.0 = Debug|Any CPU
		{68EF5A64-0D9C-499E-9147-FAEF8449220E}.Release|Any CPU.ActiveCfg = Release|Any CPU
		{68EF5A64-0D9C-499E-9147-FAEF8449220E}.Release|Any CPU.Build.0 = Release|Any CPU
		{15578260-F5E6-4218-A56E-DFE2E7CF46C8}.Debug|Any CPU.ActiveCfg = Debug|Any CPU
		{15578260-F5E6-4218-A56E-DFE2E7CF46C8}.Debug|Any CPU.Build.0 = Debug|Any CPU
		{15578260-F5E6-4218-A56E-DFE2E7CF46C8}.Release|Any CPU.ActiveCfg = Release|Any CPU
		{15578260-F5E6-4218-A56E-DFE2E7CF46C8}.Release|Any CPU.Build.0 = Release|Any CPU
		{C2202D24-01B3-4CBF-8848-9AFF936B868B}.Debug|Any CPU.ActiveCfg = Debug|Any CPU
		{C2202D24-01B3-4CBF-8848-9AFF936B868B}.Debug|Any CPU.Build.0 = Debug|Any CPU
		{C2202D24-01B3-4CBF-8848-9AFF936B868B}.Release|Any CPU.ActiveCfg = Release|Any CPU
		{C2202D24-01B3-4CBF-8848-9AFF936B868B}.Release|Any CPU.Build.0 = Release|Any CPU
		{AF990407-5480-4804-ADE4-12D09C57D5B2}.Debug|Any CPU.ActiveCfg = Debug|Any CPU
		{AF990407-5480-4804-ADE4-12D09C57D5B2}.Debug|Any CPU.Build.0 = Debug|Any CPU
		{AF990407-5480-4804-ADE4-12D09C57D5B2}.Release|Any CPU.ActiveCfg = Release|Any CPU
		{AF990407-5480-4804-ADE4-12D09C57D5B2}.Release|Any CPU.Build.0 = Release|Any CPU
		{D9204918-0EC5-4A84-A9E0-46F36753A3E5}.Debug|Any CPU.ActiveCfg = Debug|Any CPU
		{D9204918-0EC5-4A84-A9E0-46F36753A3E5}.Debug|Any CPU.Build.0 = Debug|Any CPU
		{D9204918-0EC5-4A84-A9E0-46F36753A3E5}.Release|Any CPU.ActiveCfg = Release|Any CPU
		{D9204918-0EC5-4A84-A9E0-46F36753A3E5}.Release|Any CPU.Build.0 = Release|Any CPU
	EndGlobalSection
	GlobalSection(SolutionProperties) = preSolution
		HideSolutionNode = FALSE
	EndGlobalSection
EndGlobal
