
Microsoft Visual Studio Solution File, Format Version 12.00
# Visual Studio 2013
VisualStudioVersion = 12.0.31101.0
MinimumVisualStudioVersion = 10.0.40219.1
Project("{FAE04EC0-301F-11D3-BF4B-00C04F79EFBC}") = "01.SumOf3Numbers", "SumOf3Numbers\01.SumOf3Numbers.csproj", "{AA1D7E4C-2892-47F1-8D68-5B11149ECD38}"
EndProject
Project("{FAE04EC0-301F-11D3-BF4B-00C04F79EFBC}") = "02.PrintCompanyInformation", "PrintCompanyInformation\02.PrintCompanyInformation.csproj", "{FEA6EDED-9163-4065-A228-D40A5DE9D4FA}"
EndProject
Project("{FAE04EC0-301F-11D3-BF4B-00C04F79EFBC}") = "03.CirclePerimeterАndArea", "CirclePerimeterАndArea\03.CirclePerimeterАndArea.csproj", "{4B183AB6-1BEC-45AD-A227-0A7F34BB9764}"
EndProject
Project("{FAE04EC0-301F-11D3-BF4B-00C04F79EFBC}") = "04.NumberComparer", "NumberComparer\04.NumberComparer.csproj", "{FA14A95C-66CF-4B64-9225-1943D37CBB52}"
EndProject
Project("{FAE04EC0-301F-11D3-BF4B-00C04F79EFBC}") = "05.FormattingNumbers", "FormattingNumbers\05.FormattingNumbers.csproj", "{8901B3B9-A8D3-4452-B021-50F103581EAA}"
EndProject
Project("{FAE04EC0-301F-11D3-BF4B-00C04F79EFBC}") = "06.QuadraticEquation", "QuadraticEquation\06.QuadraticEquation.csproj", "{6629A5D5-4B61-47FB-93AB-8A518B021B06}"
EndProject
Project("{FAE04EC0-301F-11D3-BF4B-00C04F79EFBC}") = "07.SumОf5Numbers", "SumОf5Numbers\07.SumОf5Numbers.csproj", "{AF0A4AF6-1172-400C-8574-076053920216}"
EndProject
Project("{FAE04EC0-301F-11D3-BF4B-00C04F79EFBC}") = "08.NumbersFrom1ToN", "NumbersFrom1ToN\08.NumbersFrom1ToN.csproj", "{519D58AF-2116-4D5D-AFF5-F443229B8E42}"
EndProject
Project("{FAE04EC0-301F-11D3-BF4B-00C04F79EFBC}") = "09.SumОfnNumbers", "SumОfnNumbers\09.SumОfnNumbers.csproj", "{85365095-F422-4650-B0DD-3B72B3E692B9}"
EndProject
Project("{FAE04EC0-301F-11D3-BF4B-00C04F79EFBC}") = "10.FibonacciNumbers", "FibonacciNumbers\10.FibonacciNumbers.csproj", "{69CBFC05-C8DB-42B5-B97E-8E8B85CDCF5A}"
EndProject
Project("{FAE04EC0-301F-11D3-BF4B-00C04F79EFBC}") = "11.NumbersInIntervalDividableByGivenNumber", "NumbersInIntervalDividableByGivenNumber\11.NumbersInIntervalDividableByGivenNumber.csproj", "{0F4BB863-2830-40D8-8F84-CCAB2E3CA1C9}"
EndProject
Global
	GlobalSection(SolutionConfigurationPlatforms) = preSolution
		Debug|Any CPU = Debug|Any CPU
		Release|Any CPU = Release|Any CPU
	EndGlobalSection
	GlobalSection(ProjectConfigurationPlatforms) = postSolution
		{AA1D7E4C-2892-47F1-8D68-5B11149ECD38}.Debug|Any CPU.ActiveCfg = Debug|Any CPU
		{AA1D7E4C-2892-47F1-8D68-5B11149ECD38}.Debug|Any CPU.Build.0 = Debug|Any CPU
		{AA1D7E4C-2892-47F1-8D68-5B11149ECD38}.Release|Any CPU.ActiveCfg = Release|Any CPU
		{AA1D7E4C-2892-47F1-8D68-5B11149ECD38}.Release|Any CPU.Build.0 = Release|Any CPU
		{FEA6EDED-9163-4065-A228-D40A5DE9D4FA}.Debug|Any CPU.ActiveCfg = Debug|Any CPU
		{FEA6EDED-9163-4065-A228-D40A5DE9D4FA}.Debug|Any CPU.Build.0 = Debug|Any CPU
		{FEA6EDED-9163-4065-A228-D40A5DE9D4FA}.Release|Any CPU.ActiveCfg = Release|Any CPU
		{FEA6EDED-9163-4065-A228-D40A5DE9D4FA}.Release|Any CPU.Build.0 = Release|Any CPU
		{4B183AB6-1BEC-45AD-A227-0A7F34BB9764}.Debug|Any CPU.ActiveCfg = Debug|Any CPU
		{4B183AB6-1BEC-45AD-A227-0A7F34BB9764}.Debug|Any CPU.Build.0 = Debug|Any CPU
		{4B183AB6-1BEC-45AD-A227-0A7F34BB9764}.Release|Any CPU.ActiveCfg = Release|Any CPU
		{4B183AB6-1BEC-45AD-A227-0A7F34BB9764}.Release|Any CPU.Build.0 = Release|Any CPU
		{FA14A95C-66CF-4B64-9225-1943D37CBB52}.Debug|Any CPU.ActiveCfg = Debug|Any CPU
		{FA14A95C-66CF-4B64-9225-1943D37CBB52}.Debug|Any CPU.Build.0 = Debug|Any CPU
		{FA14A95C-66CF-4B64-9225-1943D37CBB52}.Release|Any CPU.ActiveCfg = Release|Any CPU
		{FA14A95C-66CF-4B64-9225-1943D37CBB52}.Release|Any CPU.Build.0 = Release|Any CPU
		{8901B3B9-A8D3-4452-B021-50F103581EAA}.Debug|Any CPU.ActiveCfg = Debug|Any CPU
		{8901B3B9-A8D3-4452-B021-50F103581EAA}.Debug|Any CPU.Build.0 = Debug|Any CPU
		{8901B3B9-A8D3-4452-B021-50F103581EAA}.Release|Any CPU.ActiveCfg = Release|Any CPU
		{8901B3B9-A8D3-4452-B021-50F103581EAA}.Release|Any CPU.Build.0 = Release|Any CPU
		{6629A5D5-4B61-47FB-93AB-8A518B021B06}.Debug|Any CPU.ActiveCfg = Debug|Any CPU
		{6629A5D5-4B61-47FB-93AB-8A518B021B06}.Debug|Any CPU.Build.0 = Debug|Any CPU
		{6629A5D5-4B61-47FB-93AB-8A518B021B06}.Release|Any CPU.ActiveCfg = Release|Any CPU
		{6629A5D5-4B61-47FB-93AB-8A518B021B06}.Release|Any CPU.Build.0 = Release|Any CPU
		{AF0A4AF6-1172-400C-8574-076053920216}.Debug|Any CPU.ActiveCfg = Debug|Any CPU
		{AF0A4AF6-1172-400C-8574-076053920216}.Debug|Any CPU.Build.0 = Debug|Any CPU
		{AF0A4AF6-1172-400C-8574-076053920216}.Release|Any CPU.ActiveCfg = Release|Any CPU
		{AF0A4AF6-1172-400C-8574-076053920216}.Release|Any CPU.Build.0 = Release|Any CPU
		{519D58AF-2116-4D5D-AFF5-F443229B8E42}.Debug|Any CPU.ActiveCfg = Debug|Any CPU
		{519D58AF-2116-4D5D-AFF5-F443229B8E42}.Debug|Any CPU.Build.0 = Debug|Any CPU
		{519D58AF-2116-4D5D-AFF5-F443229B8E42}.Release|Any CPU.ActiveCfg = Release|Any CPU
		{519D58AF-2116-4D5D-AFF5-F443229B8E42}.Release|Any CPU.Build.0 = Release|Any CPU
		{85365095-F422-4650-B0DD-3B72B3E692B9}.Debug|Any CPU.ActiveCfg = Debug|Any CPU
		{85365095-F422-4650-B0DD-3B72B3E692B9}.Debug|Any CPU.Build.0 = Debug|Any CPU
		{85365095-F422-4650-B0DD-3B72B3E692B9}.Release|Any CPU.ActiveCfg = Release|Any CPU
		{85365095-F422-4650-B0DD-3B72B3E692B9}.Release|Any CPU.Build.0 = Release|Any CPU
		{69CBFC05-C8DB-42B5-B97E-8E8B85CDCF5A}.Debug|Any CPU.ActiveCfg = Debug|Any CPU
		{69CBFC05-C8DB-42B5-B97E-8E8B85CDCF5A}.Debug|Any CPU.Build.0 = Debug|Any CPU
		{69CBFC05-C8DB-42B5-B97E-8E8B85CDCF5A}.Release|Any CPU.ActiveCfg = Release|Any CPU
		{69CBFC05-C8DB-42B5-B97E-8E8B85CDCF5A}.Release|Any CPU.Build.0 = Release|Any CPU
		{0F4BB863-2830-40D8-8F84-CCAB2E3CA1C9}.Debug|Any CPU.ActiveCfg = Debug|Any CPU
		{0F4BB863-2830-40D8-8F84-CCAB2E3CA1C9}.Debug|Any CPU.Build.0 = Debug|Any CPU
		{0F4BB863-2830-40D8-8F84-CCAB2E3CA1C9}.Release|Any CPU.ActiveCfg = Release|Any CPU
		{0F4BB863-2830-40D8-8F84-CCAB2E3CA1C9}.Release|Any CPU.Build.0 = Release|Any CPU
	EndGlobalSection
	GlobalSection(SolutionProperties) = preSolution
		HideSolutionNode = FALSE
	EndGlobalSection
EndGlobal
