
Microsoft Visual Studio Solution File, Format Version 12.00
# Visual Studio 2013
VisualStudioVersion = 12.0.31101.0
MinimumVisualStudioVersion = 10.0.40219.1
Project("{FAE04EC0-301F-11D3-BF4B-00C04F79EFBC}") = "17. LongestString", "17. LongestString\17. LongestString.csproj", "{F7C466D9-84F4-4DA2-BB2F-683C96A984C3}"
EndProject
Project("{FAE04EC0-301F-11D3-BF4B-00C04F79EFBC}") = "18-19. StudentsByGroupName", "18-19. StudentsByGroupName\18-19. StudentsByGroupName.csproj", "{26BA71B3-EBB1-46B0-877E-44E567E727C1}"
EndProject
Project("{FAE04EC0-301F-11D3-BF4B-00C04F79EFBC}") = "20. Infinite convergent series", "20. Infinite convergent series\20. Infinite convergent series.csproj", "{B52824CB-9B09-43BD-BB11-CA9F03BEC464}"
EndProject
Project("{FAE04EC0-301F-11D3-BF4B-00C04F79EFBC}") = "01. ExtensionMethods", "01. ExtensionMethods\01. ExtensionMethods.csproj", "{84B08CC9-5860-4809-A312-FD5DBE092801}"
EndProject
Project("{FAE04EC0-301F-11D3-BF4B-00C04F79EFBC}") = "02.2. TestIEnumerable", "02.2. TestIEnumerable\02.2. TestIEnumerable.csproj", "{10A402E7-0023-4116-8A39-865EA2816948}"
EndProject
Project("{FAE04EC0-301F-11D3-BF4B-00C04F79EFBC}") = "02.1.TestSubstring", "02.1.TestSubstring\02.1.TestSubstring.csproj", "{9C1D361F-8645-44C7-9FE9-DCE3A2891B45}"
EndProject
Project("{FAE04EC0-301F-11D3-BF4B-00C04F79EFBC}") = "03. FirstBeforeLast + Student Class", "03. FirstBeforeLast + Student Class\03. FirstBeforeLast + Student Class.csproj", "{33E99D5E-DAC0-4ECB-8D2C-48C661CB8453}"
EndProject
Project("{FAE04EC0-301F-11D3-BF4B-00C04F79EFBC}") = "04. AgeRange", "04.AgeRange\04. AgeRange.csproj", "{F26A0B5F-3971-44A2-AA85-78B7965C36ED}"
EndProject
Project("{FAE04EC0-301F-11D3-BF4B-00C04F79EFBC}") = "05. OrderStudents", "05. Order students\05. OrderStudents.csproj", "{B711B1FE-E046-4E24-915B-0C5F2C3CDC39}"
EndProject
Project("{FAE04EC0-301F-11D3-BF4B-00C04F79EFBC}") = "06. DivisibleBy7And3", "06. DivisibleBy7And3\06. DivisibleBy7And3.csproj", "{5E3E832D-C6EC-42C6-B205-698E57532BD9}"
EndProject
Project("{FAE04EC0-301F-11D3-BF4B-00C04F79EFBC}") = "07 - 08. TimerClass", "07- 08. TimerClass\07 - 08. TimerClass.csproj", "{3771F0B7-7C71-4E57-9671-D7CC694EE9FE}"
EndProject
Project("{FAE04EC0-301F-11D3-BF4B-00C04F79EFBC}") = "09-16. StudentGroups", "09 - 16. StudentGroups\09-16. StudentGroups.csproj", "{EBF825C2-059C-4EE5-8CB9-885DC587E3E3}"
EndProject
Global
	GlobalSection(SolutionConfigurationPlatforms) = preSolution
		Debug|Any CPU = Debug|Any CPU
		Release|Any CPU = Release|Any CPU
	EndGlobalSection
	GlobalSection(ProjectConfigurationPlatforms) = postSolution
		{F7C466D9-84F4-4DA2-BB2F-683C96A984C3}.Debug|Any CPU.ActiveCfg = Debug|Any CPU
		{F7C466D9-84F4-4DA2-BB2F-683C96A984C3}.Debug|Any CPU.Build.0 = Debug|Any CPU
		{F7C466D9-84F4-4DA2-BB2F-683C96A984C3}.Release|Any CPU.ActiveCfg = Release|Any CPU
		{F7C466D9-84F4-4DA2-BB2F-683C96A984C3}.Release|Any CPU.Build.0 = Release|Any CPU
		{26BA71B3-EBB1-46B0-877E-44E567E727C1}.Debug|Any CPU.ActiveCfg = Debug|Any CPU
		{26BA71B3-EBB1-46B0-877E-44E567E727C1}.Debug|Any CPU.Build.0 = Debug|Any CPU
		{26BA71B3-EBB1-46B0-877E-44E567E727C1}.Release|Any CPU.ActiveCfg = Release|Any CPU
		{26BA71B3-EBB1-46B0-877E-44E567E727C1}.Release|Any CPU.Build.0 = Release|Any CPU
		{B52824CB-9B09-43BD-BB11-CA9F03BEC464}.Debug|Any CPU.ActiveCfg = Debug|Any CPU
		{B52824CB-9B09-43BD-BB11-CA9F03BEC464}.Debug|Any CPU.Build.0 = Debug|Any CPU
		{B52824CB-9B09-43BD-BB11-CA9F03BEC464}.Release|Any CPU.ActiveCfg = Release|Any CPU
		{B52824CB-9B09-43BD-BB11-CA9F03BEC464}.Release|Any CPU.Build.0 = Release|Any CPU
		{84B08CC9-5860-4809-A312-FD5DBE092801}.Debug|Any CPU.ActiveCfg = Debug|Any CPU
		{84B08CC9-5860-4809-A312-FD5DBE092801}.Debug|Any CPU.Build.0 = Debug|Any CPU
		{84B08CC9-5860-4809-A312-FD5DBE092801}.Release|Any CPU.ActiveCfg = Release|Any CPU
		{84B08CC9-5860-4809-A312-FD5DBE092801}.Release|Any CPU.Build.0 = Release|Any CPU
		{10A402E7-0023-4116-8A39-865EA2816948}.Debug|Any CPU.ActiveCfg = Debug|Any CPU
		{10A402E7-0023-4116-8A39-865EA2816948}.Debug|Any CPU.Build.0 = Debug|Any CPU
		{10A402E7-0023-4116-8A39-865EA2816948}.Release|Any CPU.ActiveCfg = Release|Any CPU
		{10A402E7-0023-4116-8A39-865EA2816948}.Release|Any CPU.Build.0 = Release|Any CPU
		{9C1D361F-8645-44C7-9FE9-DCE3A2891B45}.Debug|Any CPU.ActiveCfg = Debug|Any CPU
		{9C1D361F-8645-44C7-9FE9-DCE3A2891B45}.Debug|Any CPU.Build.0 = Debug|Any CPU
		{9C1D361F-8645-44C7-9FE9-DCE3A2891B45}.Release|Any CPU.ActiveCfg = Release|Any CPU
		{9C1D361F-8645-44C7-9FE9-DCE3A2891B45}.Release|Any CPU.Build.0 = Release|Any CPU
		{33E99D5E-DAC0-4ECB-8D2C-48C661CB8453}.Debug|Any CPU.ActiveCfg = Debug|Any CPU
		{33E99D5E-DAC0-4ECB-8D2C-48C661CB8453}.Debug|Any CPU.Build.0 = Debug|Any CPU
		{33E99D5E-DAC0-4ECB-8D2C-48C661CB8453}.Release|Any CPU.ActiveCfg = Release|Any CPU
		{33E99D5E-DAC0-4ECB-8D2C-48C661CB8453}.Release|Any CPU.Build.0 = Release|Any CPU
		{F26A0B5F-3971-44A2-AA85-78B7965C36ED}.Debug|Any CPU.ActiveCfg = Debug|Any CPU
		{F26A0B5F-3971-44A2-AA85-78B7965C36ED}.Debug|Any CPU.Build.0 = Debug|Any CPU
		{F26A0B5F-3971-44A2-AA85-78B7965C36ED}.Release|Any CPU.ActiveCfg = Release|Any CPU
		{F26A0B5F-3971-44A2-AA85-78B7965C36ED}.Release|Any CPU.Build.0 = Release|Any CPU
		{B711B1FE-E046-4E24-915B-0C5F2C3CDC39}.Debug|Any CPU.ActiveCfg = Debug|Any CPU
		{B711B1FE-E046-4E24-915B-0C5F2C3CDC39}.Debug|Any CPU.Build.0 = Debug|Any CPU
		{B711B1FE-E046-4E24-915B-0C5F2C3CDC39}.Release|Any CPU.ActiveCfg = Release|Any CPU
		{B711B1FE-E046-4E24-915B-0C5F2C3CDC39}.Release|Any CPU.Build.0 = Release|Any CPU
		{5E3E832D-C6EC-42C6-B205-698E57532BD9}.Debug|Any CPU.ActiveCfg = Debug|Any CPU
		{5E3E832D-C6EC-42C6-B205-698E57532BD9}.Debug|Any CPU.Build.0 = Debug|Any CPU
		{5E3E832D-C6EC-42C6-B205-698E57532BD9}.Release|Any CPU.ActiveCfg = Release|Any CPU
		{5E3E832D-C6EC-42C6-B205-698E57532BD9}.Release|Any CPU.Build.0 = Release|Any CPU
		{3771F0B7-7C71-4E57-9671-D7CC694EE9FE}.Debug|Any CPU.ActiveCfg = Debug|Any CPU
		{3771F0B7-7C71-4E57-9671-D7CC694EE9FE}.Debug|Any CPU.Build.0 = Debug|Any CPU
		{3771F0B7-7C71-4E57-9671-D7CC694EE9FE}.Release|Any CPU.ActiveCfg = Release|Any CPU
		{3771F0B7-7C71-4E57-9671-D7CC694EE9FE}.Release|Any CPU.Build.0 = Release|Any CPU
		{EBF825C2-059C-4EE5-8CB9-885DC587E3E3}.Debug|Any CPU.ActiveCfg = Debug|Any CPU
		{EBF825C2-059C-4EE5-8CB9-885DC587E3E3}.Debug|Any CPU.Build.0 = Debug|Any CPU
		{EBF825C2-059C-4EE5-8CB9-885DC587E3E3}.Release|Any CPU.ActiveCfg = Release|Any CPU
		{EBF825C2-059C-4EE5-8CB9-885DC587E3E3}.Release|Any CPU.Build.0 = Release|Any CPU
	EndGlobalSection
	GlobalSection(SolutionProperties) = preSolution
		HideSolutionNode = FALSE
	EndGlobalSection
EndGlobal
